// !$*UTF8*$!
{
	archiveVersion = 1;
	classes = {
	};
	objectVersion = 56;
	objects = {

/* Begin PBXBuildFile section */
		FB71E83E2B5D996C004F2D21 /* FoodForThoughtApp.swift in Sources */ = {isa = PBXBuildFile; fileRef = FB71E83D2B5D996C004F2D21 /* FoodForThoughtApp.swift */; };
		FB71E8402B5D996C004F2D21 /* MainPage.swift in Sources */ = {isa = PBXBuildFile; fileRef = FB71E83F2B5D996C004F2D21 /* MainPage.swift */; };
		FB71E8422B5D996E004F2D21 /* Assets.xcassets in Resources */ = {isa = PBXBuildFile; fileRef = FB71E8412B5D996E004F2D21 /* Assets.xcassets */; };
		FB71E8452B5D996E004F2D21 /* Preview Assets.xcassets in Resources */ = {isa = PBXBuildFile; fileRef = FB71E8442B5D996E004F2D21 /* Preview Assets.xcassets */; };
		FB71E84F2B5D996E004F2D21 /* FoodForThoughtTests.swift in Sources */ = {isa = PBXBuildFile; fileRef = FB71E84E2B5D996E004F2D21 /* FoodForThoughtTests.swift */; };
		FB71E8592B5D996E004F2D21 /* FoodForThoughtUITests.swift in Sources */ = {isa = PBXBuildFile; fileRef = FB71E8582B5D996E004F2D21 /* FoodForThoughtUITests.swift */; };
		FB71E85B2B5D996E004F2D21 /* FoodForThoughtUITestsLaunchTests.swift in Sources */ = {isa = PBXBuildFile; fileRef = FB71E85A2B5D996E004F2D21 /* FoodForThoughtUITestsLaunchTests.swift */; };
		FBB27D742BE078920082A83A /* FoodItem.swift in Sources */ = {isa = PBXBuildFile; fileRef = FBB27D732BE078920082A83A /* FoodItem.swift */; };
		FBB27D752BE078920082A83A /* FoodItem.swift in Sources */ = {isa = PBXBuildFile; fileRef = FBB27D732BE078920082A83A /* FoodItem.swift */; };
		FBB27D772BE079460082A83A /* foodItemPage.swift in Sources */ = {isa = PBXBuildFile; fileRef = FBB27D762BE079460082A83A /* foodItemPage.swift */; };
		FBB27D782BE079460082A83A /* foodItemPage.swift in Sources */ = {isa = PBXBuildFile; fileRef = FBB27D762BE079460082A83A /* foodItemPage.swift */; };
		FBB27D7A2BE08D960082A83A /* PopupView.swift in Sources */ = {isa = PBXBuildFile; fileRef = FBB27D792BE08D960082A83A /* PopupView.swift */; };
		FBB27D7B2BE08D960082A83A /* PopupView.swift in Sources */ = {isa = PBXBuildFile; fileRef = FBB27D792BE08D960082A83A /* PopupView.swift */; };
		FBB27D7D2BE08F190082A83A /* foodItemScrollView.swift in Sources */ = {isa = PBXBuildFile; fileRef = FBB27D7C2BE08F190082A83A /* foodItemScrollView.swift */; };
		FBB27D7E2BE08F190082A83A /* foodItemScrollView.swift in Sources */ = {isa = PBXBuildFile; fileRef = FBB27D7C2BE08F190082A83A /* foodItemScrollView.swift */; };
		FBB27D802BE091DE0082A83A /* addButton.swift in Sources */ = {isa = PBXBuildFile; fileRef = FBB27D7F2BE091DE0082A83A /* addButton.swift */; };
		FBB27D812BE091DE0082A83A /* addButton.swift in Sources */ = {isa = PBXBuildFile; fileRef = FBB27D7F2BE091DE0082A83A /* addButton.swift */; };
/* End PBXBuildFile section */

/* Begin PBXContainerItemProxy section */
		FB71E84B2B5D996E004F2D21 /* PBXContainerItemProxy */ = {
			isa = PBXContainerItemProxy;
			containerPortal = FB71E8322B5D996C004F2D21 /* Project object */;
			proxyType = 1;
			remoteGlobalIDString = FB71E8392B5D996C004F2D21;
			remoteInfo = FoodForThought;
		};
		FB71E8552B5D996E004F2D21 /* PBXContainerItemProxy */ = {
			isa = PBXContainerItemProxy;
			containerPortal = FB71E8322B5D996C004F2D21 /* Project object */;
			proxyType = 1;
			remoteGlobalIDString = FB71E8392B5D996C004F2D21;
			remoteInfo = FoodForThought;
		};
/* End PBXContainerItemProxy section */

/* Begin PBXFileReference section */
		FB71E83A2B5D996C004F2D21 /* FoodForThought.app */ = {isa = PBXFileReference; explicitFileType = wrapper.application; includeInIndex = 0; path = FoodForThought.app; sourceTree = BUILT_PRODUCTS_DIR; };
		FB71E83D2B5D996C004F2D21 /* FoodForThoughtApp.swift */ = {isa = PBXFileReference; lastKnownFileType = sourcecode.swift; path = FoodForThoughtApp.swift; sourceTree = "<group>"; };
		FB71E83F2B5D996C004F2D21 /* MainPage.swift */ = {isa = PBXFileReference; lastKnownFileType = sourcecode.swift; path = MainPage.swift; sourceTree = "<group>"; };
		FB71E8412B5D996E004F2D21 /* Assets.xcassets */ = {isa = PBXFileReference; lastKnownFileType = folder.assetcatalog; path = Assets.xcassets; sourceTree = "<group>"; };
		FB71E8442B5D996E004F2D21 /* Preview Assets.xcassets */ = {isa = PBXFileReference; lastKnownFileType = folder.assetcatalog; path = "Preview Assets.xcassets"; sourceTree = "<group>"; };
		FB71E84A2B5D996E004F2D21 /* FoodForThoughtTests.xctest */ = {isa = PBXFileReference; explicitFileType = wrapper.cfbundle; includeInIndex = 0; path = FoodForThoughtTests.xctest; sourceTree = BUILT_PRODUCTS_DIR; };
		FB71E84E2B5D996E004F2D21 /* FoodForThoughtTests.swift */ = {isa = PBXFileReference; lastKnownFileType = sourcecode.swift; path = FoodForThoughtTests.swift; sourceTree = "<group>"; };
		FB71E8542B5D996E004F2D21 /* FoodForThoughtUITests.xctest */ = {isa = PBXFileReference; explicitFileType = wrapper.cfbundle; includeInIndex = 0; path = FoodForThoughtUITests.xctest; sourceTree = BUILT_PRODUCTS_DIR; };
		FB71E8582B5D996E004F2D21 /* FoodForThoughtUITests.swift */ = {isa = PBXFileReference; lastKnownFileType = sourcecode.swift; path = FoodForThoughtUITests.swift; sourceTree = "<group>"; };
		FB71E85A2B5D996E004F2D21 /* FoodForThoughtUITestsLaunchTests.swift */ = {isa = PBXFileReference; lastKnownFileType = sourcecode.swift; path = FoodForThoughtUITestsLaunchTests.swift; sourceTree = "<group>"; };
		FBB27D732BE078920082A83A /* FoodItem.swift */ = {isa = PBXFileReference; lastKnownFileType = sourcecode.swift; path = FoodItem.swift; sourceTree = "<group>"; };
		FBB27D762BE079460082A83A /* foodItemPage.swift */ = {isa = PBXFileReference; lastKnownFileType = sourcecode.swift; path = foodItemPage.swift; sourceTree = "<group>"; };
		FBB27D792BE08D960082A83A /* PopupView.swift */ = {isa = PBXFileReference; lastKnownFileType = sourcecode.swift; path = PopupView.swift; sourceTree = "<group>"; };
		FBB27D7C2BE08F190082A83A /* foodItemScrollView.swift */ = {isa = PBXFileReference; lastKnownFileType = sourcecode.swift; path = foodItemScrollView.swift; sourceTree = "<group>"; };
		FBB27D7F2BE091DE0082A83A /* addButton.swift */ = {isa = PBXFileReference; lastKnownFileType = sourcecode.swift; path = addButton.swift; sourceTree = "<group>"; };
/* End PBXFileReference section */

/* Begin PBXFrameworksBuildPhase section */
		FB71E8372B5D996C004F2D21 /* Frameworks */ = {
			isa = PBXFrameworksBuildPhase;
			buildActionMask = 2147483647;
			files = (
			);
			runOnlyForDeploymentPostprocessing = 0;
		};
		FB71E8472B5D996E004F2D21 /* Frameworks */ = {
			isa = PBXFrameworksBuildPhase;
			buildActionMask = 2147483647;
			files = (
			);
			runOnlyForDeploymentPostprocessing = 0;
		};
		FB71E8512B5D996E004F2D21 /* Frameworks */ = {
			isa = PBXFrameworksBuildPhase;
			buildActionMask = 2147483647;
			files = (
			);
			runOnlyForDeploymentPostprocessing = 0;
		};
/* End PBXFrameworksBuildPhase section */

/* Begin PBXGroup section */
		FB71E8312B5D996C004F2D21 = {
			isa = PBXGroup;
			children = (
				FB71E83C2B5D996C004F2D21 /* FoodForThought */,
				FB71E84D2B5D996E004F2D21 /* FoodForThoughtTests */,
				FB71E8572B5D996E004F2D21 /* FoodForThoughtUITests */,
				FB71E83B2B5D996C004F2D21 /* Products */,
			);
			sourceTree = "<group>";
		};
		FB71E83B2B5D996C004F2D21 /* Products */ = {
			isa = PBXGroup;
			children = (
				FB71E83A2B5D996C004F2D21 /* FoodForThought.app */,
				FB71E84A2B5D996E004F2D21 /* FoodForThoughtTests.xctest */,
				FB71E8542B5D996E004F2D21 /* FoodForThoughtUITests.xctest */,
			);
			name = Products;
			sourceTree = "<group>";
		};
		FB71E83C2B5D996C004F2D21 /* FoodForThought */ = {
			isa = PBXGroup;
			children = (
				FBB27D722BE0782F0082A83A /* Recipes */,
				FBB27D712BE078280082A83A /* Shopping List */,
				FBB27D702BE077F10082A83A /* Food Items */,
				FB71E83D2B5D996C004F2D21 /* FoodForThoughtApp.swift */,
				FB71E83F2B5D996C004F2D21 /* MainPage.swift */,
				FB71E8412B5D996E004F2D21 /* Assets.xcassets */,
				FB71E8432B5D996E004F2D21 /* Preview Content */,
			);
			path = FoodForThought;
			sourceTree = "<group>";
		};
		FB71E8432B5D996E004F2D21 /* Preview Content */ = {
			isa = PBXGroup;
			children = (
				FB71E8442B5D996E004F2D21 /* Preview Assets.xcassets */,
			);
			path = "Preview Content";
			sourceTree = "<group>";
		};
		FB71E84D2B5D996E004F2D21 /* FoodForThoughtTests */ = {
			isa = PBXGroup;
			children = (
				FB71E84E2B5D996E004F2D21 /* FoodForThoughtTests.swift */,
			);
			path = FoodForThoughtTests;
			sourceTree = "<group>";
		};
		FB71E8572B5D996E004F2D21 /* FoodForThoughtUITests */ = {
			isa = PBXGroup;
			children = (
				FB71E8582B5D996E004F2D21 /* FoodForThoughtUITests.swift */,
				FB71E85A2B5D996E004F2D21 /* FoodForThoughtUITestsLaunchTests.swift */,
			);
			path = FoodForThoughtUITests;
			sourceTree = "<group>";
		};
		FBB27D702BE077F10082A83A /* Food Items */ = {
			isa = PBXGroup;
			children = (
				FBB27D732BE078920082A83A /* FoodItem.swift */,
				FBB27D762BE079460082A83A /* foodItemPage.swift */,
				FBB27D7C2BE08F190082A83A /* foodItemScrollView.swift */,
				FBB27D7F2BE091DE0082A83A /* addButton.swift */,
				FBB27D792BE08D960082A83A /* PopupView.swift */,
			);
			path = "Food Items";
			sourceTree = "<group>";
		};
		FBB27D712BE078280082A83A /* Shopping List */ = {
			isa = PBXGroup;
			children = (
			);
			path = "Shopping List";
			sourceTree = "<group>";
		};
		FBB27D722BE0782F0082A83A /* Recipes */ = {
			isa = PBXGroup;
			children = (
			);
			path = Recipes;
			sourceTree = "<group>";
		};
/* End PBXGroup section */

/* Begin PBXNativeTarget section */
		FB71E8392B5D996C004F2D21 /* FoodForThought */ = {
			isa = PBXNativeTarget;
			buildConfigurationList = FB71E85E2B5D996E004F2D21 /* Build configuration list for PBXNativeTarget "FoodForThought" */;
			buildPhases = (
				FB71E8362B5D996C004F2D21 /* Sources */,
				FB71E8372B5D996C004F2D21 /* Frameworks */,
				FB71E8382B5D996C004F2D21 /* Resources */,
			);
			buildRules = (
			);
			dependencies = (
			);
			name = FoodForThought;
			productName = FoodForThought;
			productReference = FB71E83A2B5D996C004F2D21 /* FoodForThought.app */;
			productType = "com.apple.product-type.application";
		};
		FB71E8492B5D996E004F2D21 /* FoodForThoughtTests */ = {
			isa = PBXNativeTarget;
			buildConfigurationList = FB71E8612B5D996E004F2D21 /* Build configuration list for PBXNativeTarget "FoodForThoughtTests" */;
			buildPhases = (
				FB71E8462B5D996E004F2D21 /* Sources */,
				FB71E8472B5D996E004F2D21 /* Frameworks */,
				FB71E8482B5D996E004F2D21 /* Resources */,
			);
			buildRules = (
			);
			dependencies = (
				FB71E84C2B5D996E004F2D21 /* PBXTargetDependency */,
			);
			name = FoodForThoughtTests;
			productName = FoodForThoughtTests;
			productReference = FB71E84A2B5D996E004F2D21 /* FoodForThoughtTests.xctest */;
			productType = "com.apple.product-type.bundle.unit-test";
		};
		FB71E8532B5D996E004F2D21 /* FoodForThoughtUITests */ = {
			isa = PBXNativeTarget;
			buildConfigurationList = FB71E8642B5D996E004F2D21 /* Build configuration list for PBXNativeTarget "FoodForThoughtUITests" */;
			buildPhases = (
				FB71E8502B5D996E004F2D21 /* Sources */,
				FB71E8512B5D996E004F2D21 /* Frameworks */,
				FB71E8522B5D996E004F2D21 /* Resources */,
			);
			buildRules = (
			);
			dependencies = (
				FB71E8562B5D996E004F2D21 /* PBXTargetDependency */,
			);
			name = FoodForThoughtUITests;
			productName = FoodForThoughtUITests;
			productReference = FB71E8542B5D996E004F2D21 /* FoodForThoughtUITests.xctest */;
			productType = "com.apple.product-type.bundle.ui-testing";
		};
/* End PBXNativeTarget section */

/* Begin PBXProject section */
		FB71E8322B5D996C004F2D21 /* Project object */ = {
			isa = PBXProject;
			attributes = {
				BuildIndependentTargetsInParallel = 1;
				LastSwiftUpdateCheck = 1520;
				LastUpgradeCheck = 1520;
				TargetAttributes = {
					FB71E8392B5D996C004F2D21 = {
						CreatedOnToolsVersion = 15.2;
					};
					FB71E8492B5D996E004F2D21 = {
						CreatedOnToolsVersion = 15.2;
						TestTargetID = FB71E8392B5D996C004F2D21;
					};
					FB71E8532B5D996E004F2D21 = {
						CreatedOnToolsVersion = 15.2;
						TestTargetID = FB71E8392B5D996C004F2D21;
					};
				};
			};
			buildConfigurationList = FB71E8352B5D996C004F2D21 /* Build configuration list for PBXProject "FoodForThought" */;
			compatibilityVersion = "Xcode 14.0";
			developmentRegion = en;
			hasScannedForEncodings = 0;
			knownRegions = (
				en,
				Base,
			);
			mainGroup = FB71E8312B5D996C004F2D21;
			productRefGroup = FB71E83B2B5D996C004F2D21 /* Products */;
			projectDirPath = "";
			projectRoot = "";
			targets = (
				FB71E8392B5D996C004F2D21 /* FoodForThought */,
				FB71E8492B5D996E004F2D21 /* FoodForThoughtTests */,
				FB71E8532B5D996E004F2D21 /* FoodForThoughtUITests */,
			);
		};
/* End PBXProject section */

/* Begin PBXResourcesBuildPhase section */
		FB71E8382B5D996C004F2D21 /* Resources */ = {
			isa = PBXResourcesBuildPhase;
			buildActionMask = 2147483647;
			files = (
				FB71E8452B5D996E004F2D21 /* Preview Assets.xcassets in Resources */,
				FB71E8422B5D996E004F2D21 /* Assets.xcassets in Resources */,
			);
			runOnlyForDeploymentPostprocessing = 0;
		};
		FB71E8482B5D996E004F2D21 /* Resources */ = {
			isa = PBXResourcesBuildPhase;
			buildActionMask = 2147483647;
			files = (
			);
			runOnlyForDeploymentPostprocessing = 0;
		};
		FB71E8522B5D996E004F2D21 /* Resources */ = {
			isa = PBXResourcesBuildPhase;
			buildActionMask = 2147483647;
			files = (
			);
			runOnlyForDeploymentPostprocessing = 0;
		};
/* End PBXResourcesBuildPhase section */

/* Begin PBXSourcesBuildPhase section */
		FB71E8362B5D996C004F2D21 /* Sources */ = {
			isa = PBXSourcesBuildPhase;
			buildActionMask = 2147483647;
			files = (
				FBB27D802BE091DE0082A83A /* addButton.swift in Sources */,
				FBB27D7D2BE08F190082A83A /* foodItemScrollView.swift in Sources */,
				FB71E8402B5D996C004F2D21 /* MainPage.swift in Sources */,
				FBB27D772BE079460082A83A /* foodItemPage.swift in Sources */,
				FBB27D742BE078920082A83A /* FoodItem.swift in Sources */,
				FB71E83E2B5D996C004F2D21 /* FoodForThoughtApp.swift in Sources */,
				FBB27D7A2BE08D960082A83A /* PopupView.swift in Sources */,
			);
			runOnlyForDeploymentPostprocessing = 0;
		};
		FB71E8462B5D996E004F2D21 /* Sources */ = {
			isa = PBXSourcesBuildPhase;
			buildActionMask = 2147483647;
			files = (
				FB71E84F2B5D996E004F2D21 /* FoodForThoughtTests.swift in Sources */,
				FBB27D7E2BE08F190082A83A /* foodItemScrollView.swift in Sources */,
				FBB27D782BE079460082A83A /* foodItemPage.swift in Sources */,
				FBB27D812BE091DE0082A83A /* addButton.swift in Sources */,
				FBB27D7B2BE08D960082A83A /* PopupView.swift in Sources */,
				FBB27D752BE078920082A83A /* FoodItem.swift in Sources */,
			);
			runOnlyForDeploymentPostprocessing = 0;
		};
		FB71E8502B5D996E004F2D21 /* Sources */ = {
			isa = PBXSourcesBuildPhase;
			buildActionMask = 2147483647;
			files = (
				FB71E85B2B5D996E004F2D21 /* FoodForThoughtUITestsLaunchTests.swift in Sources */,
				FB71E8592B5D996E004F2D21 /* FoodForThoughtUITests.swift in Sources */,
			);
			runOnlyForDeploymentPostprocessing = 0;
		};
/* End PBXSourcesBuildPhase section */

/* Begin PBXTargetDependency section */
		FB71E84C2B5D996E004F2D21 /* PBXTargetDependency */ = {
			isa = PBXTargetDependency;
			target = FB71E8392B5D996C004F2D21 /* FoodForThought */;
			targetProxy = FB71E84B2B5D996E004F2D21 /* PBXContainerItemProxy */;
		};
		FB71E8562B5D996E004F2D21 /* PBXTargetDependency */ = {
			isa = PBXTargetDependency;
			target = FB71E8392B5D996C004F2D21 /* FoodForThought */;
			targetProxy = FB71E8552B5D996E004F2D21 /* PBXContainerItemProxy */;
		};
/* End PBXTargetDependency section */

/* Begin XCBuildConfiguration section */
		FB71E85C2B5D996E004F2D21 /* Debug */ = {
			isa = XCBuildConfiguration;
			buildSettings = {
				ALWAYS_SEARCH_USER_PATHS = NO;
				ASSETCATALOG_COMPILER_GENERATE_SWIFT_ASSET_SYMBOL_EXTENSIONS = YES;
				CLANG_ANALYZER_NONNULL = YES;
				CLANG_ANALYZER_NUMBER_OBJECT_CONVERSION = YES_AGGRESSIVE;
				CLANG_CXX_LANGUAGE_STANDARD = "gnu++20";
				CLANG_ENABLE_MODULES = YES;
				CLANG_ENABLE_OBJC_ARC = YES;
				CLANG_ENABLE_OBJC_WEAK = YES;
				CLANG_WARN_BLOCK_CAPTURE_AUTORELEASING = YES;
				CLANG_WARN_BOOL_CONVERSION = YES;
				CLANG_WARN_COMMA = YES;
				CLANG_WARN_CONSTANT_CONVERSION = YES;
				CLANG_WARN_DEPRECATED_OBJC_IMPLEMENTATIONS = YES;
				CLANG_WARN_DIRECT_OBJC_ISA_USAGE = YES_ERROR;
				CLANG_WARN_DOCUMENTATION_COMMENTS = YES;
				CLANG_WARN_EMPTY_BODY = YES;
				CLANG_WARN_ENUM_CONVERSION = YES;
				CLANG_WARN_INFINITE_RECURSION = YES;
				CLANG_WARN_INT_CONVERSION = YES;
				CLANG_WARN_NON_LITERAL_NULL_CONVERSION = YES;
				CLANG_WARN_OBJC_IMPLICIT_RETAIN_SELF = YES;
				CLANG_WARN_OBJC_LITERAL_CONVERSION = YES;
				CLANG_WARN_OBJC_ROOT_CLASS = YES_ERROR;
				CLANG_WARN_QUOTED_INCLUDE_IN_FRAMEWORK_HEADER = YES;
				CLANG_WARN_RANGE_LOOP_ANALYSIS = YES;
				CLANG_WARN_STRICT_PROTOTYPES = YES;
				CLANG_WARN_SUSPICIOUS_MOVE = YES;
				CLANG_WARN_UNGUARDED_AVAILABILITY = YES_AGGRESSIVE;
				CLANG_WARN_UNREACHABLE_CODE = YES;
				CLANG_WARN__DUPLICATE_METHOD_MATCH = YES;
				COPY_PHASE_STRIP = NO;
				DEBUG_INFORMATION_FORMAT = dwarf;
				ENABLE_STRICT_OBJC_MSGSEND = YES;
				ENABLE_TESTABILITY = YES;
				ENABLE_USER_SCRIPT_SANDBOXING = YES;
				GCC_C_LANGUAGE_STANDARD = gnu17;
				GCC_DYNAMIC_NO_PIC = NO;
				GCC_NO_COMMON_BLOCKS = YES;
				GCC_OPTIMIZATION_LEVEL = 0;
				GCC_PREPROCESSOR_DEFINITIONS = (
					"DEBUG=1",
					"$(inherited)",
				);
				GCC_WARN_64_TO_32_BIT_CONVERSION = YES;
				GCC_WARN_ABOUT_RETURN_TYPE = YES_ERROR;
				GCC_WARN_UNDECLARED_SELECTOR = YES;
				GCC_WARN_UNINITIALIZED_AUTOS = YES_AGGRESSIVE;
				GCC_WARN_UNUSED_FUNCTION = YES;
				GCC_WARN_UNUSED_VARIABLE = YES;
				IPHONEOS_DEPLOYMENT_TARGET = 17.2;
				LOCALIZATION_PREFERS_STRING_CATALOGS = YES;
				MTL_ENABLE_DEBUG_INFO = INCLUDE_SOURCE;
				MTL_FAST_MATH = YES;
				ONLY_ACTIVE_ARCH = YES;
				SDKROOT = iphoneos;
				SWIFT_ACTIVE_COMPILATION_CONDITIONS = "DEBUG $(inherited)";
				SWIFT_OPTIMIZATION_LEVEL = "-Onone";
			};
			name = Debug;
		};
		FB71E85D2B5D996E004F2D21 /* Release */ = {
			isa = XCBuildConfiguration;
			buildSettings = {
				ALWAYS_SEARCH_USER_PATHS = NO;
				ASSETCATALOG_COMPILER_GENERATE_SWIFT_ASSET_SYMBOL_EXTENSIONS = YES;
				CLANG_ANALYZER_NONNULL = YES;
				CLANG_ANALYZER_NUMBER_OBJECT_CONVERSION = YES_AGGRESSIVE;
				CLANG_CXX_LANGUAGE_STANDARD = "gnu++20";
				CLANG_ENABLE_MODULES = YES;
				CLANG_ENABLE_OBJC_ARC = YES;
				CLANG_ENABLE_OBJC_WEAK = YES;
				CLANG_WARN_BLOCK_CAPTURE_AUTORELEASING = YES;
				CLANG_WARN_BOOL_CONVERSION = YES;
				CLANG_WARN_COMMA = YES;
				CLANG_WARN_CONSTANT_CONVERSION = YES;
				CLANG_WARN_DEPRECATED_OBJC_IMPLEMENTATIONS = YES;
				CLANG_WARN_DIRECT_OBJC_ISA_USAGE = YES_ERROR;
				CLANG_WARN_DOCUMENTATION_COMMENTS = YES;
				CLANG_WARN_EMPTY_BODY = YES;
				CLANG_WARN_ENUM_CONVERSION = YES;
				CLANG_WARN_INFINITE_RECURSION = YES;
				CLANG_WARN_INT_CONVERSION = YES;
				CLANG_WARN_NON_LITERAL_NULL_CONVERSION = YES;
				CLANG_WARN_OBJC_IMPLICIT_RETAIN_SELF = YES;
				CLANG_WARN_OBJC_LITERAL_CONVERSION = YES;
				CLANG_WARN_OBJC_ROOT_CLASS = YES_ERROR;
				CLANG_WARN_QUOTED_INCLUDE_IN_FRAMEWORK_HEADER = YES;
				CLANG_WARN_RANGE_LOOP_ANALYSIS = YES;
				CLANG_WARN_STRICT_PROTOTYPES = YES;
				CLANG_WARN_SUSPICIOUS_MOVE = YES;
				CLANG_WARN_UNGUARDED_AVAILABILITY = YES_AGGRESSIVE;
				CLANG_WARN_UNREACHABLE_CODE = YES;
				CLANG_WARN__DUPLICATE_METHOD_MATCH = YES;
				COPY_PHASE_STRIP = NO;
				DEBUG_INFORMATION_FORMAT = "dwarf-with-dsym";
				ENABLE_NS_ASSERTIONS = NO;
				ENABLE_STRICT_OBJC_MSGSEND = YES;
				ENABLE_USER_SCRIPT_SANDBOXING = YES;
				GCC_C_LANGUAGE_STANDARD = gnu17;
				GCC_NO_COMMON_BLOCKS = YES;
				GCC_WARN_64_TO_32_BIT_CONVERSION = YES;
				GCC_WARN_ABOUT_RETURN_TYPE = YES_ERROR;
				GCC_WARN_UNDECLARED_SELECTOR = YES;
				GCC_WARN_UNINITIALIZED_AUTOS = YES_AGGRESSIVE;
				GCC_WARN_UNUSED_FUNCTION = YES;
				GCC_WARN_UNUSED_VARIABLE = YES;
				IPHONEOS_DEPLOYMENT_TARGET = 17.2;
				LOCALIZATION_PREFERS_STRING_CATALOGS = YES;
				MTL_ENABLE_DEBUG_INFO = NO;
				MTL_FAST_MATH = YES;
				SDKROOT = iphoneos;
				SWIFT_COMPILATION_MODE = wholemodule;
				VALIDATE_PRODUCT = YES;
			};
			name = Release;
		};
		FB71E85F2B5D996E004F2D21 /* Debug */ = {
			isa = XCBuildConfiguration;
			buildSettings = {
				ASSETCATALOG_COMPILER_APPICON_NAME = AppIcon;
				ASSETCATALOG_COMPILER_GLOBAL_ACCENT_COLOR_NAME = AccentColor;
				CODE_SIGN_STYLE = Automatic;
				CURRENT_PROJECT_VERSION = 1;
				DEVELOPMENT_ASSET_PATHS = "\"FoodForThought/Preview Content\"";
				DEVELOPMENT_TEAM = A93P32RDMK;
				ENABLE_PREVIEWS = YES;
				GENERATE_INFOPLIST_FILE = YES;
				INFOPLIST_KEY_UIApplicationSceneManifest_Generation = YES;
				INFOPLIST_KEY_UIApplicationSupportsIndirectInputEvents = YES;
				INFOPLIST_KEY_UILaunchScreen_Generation = YES;
				INFOPLIST_KEY_UISupportedInterfaceOrientations_iPad = "UIInterfaceOrientationPortrait UIInterfaceOrientationPortraitUpsideDown UIInterfaceOrientationLandscapeLeft UIInterfaceOrientationLandscapeRight";
				INFOPLIST_KEY_UISupportedInterfaceOrientations_iPhone = "UIInterfaceOrientationPortrait UIInterfaceOrientationLandscapeLeft UIInterfaceOrientationLandscapeRight";
				LD_RUNPATH_SEARCH_PATHS = (
					"$(inherited)",
					"@executable_path/Frameworks",
				);
				MARKETING_VERSION = 1.0;
				PRODUCT_BUNDLE_IDENTIFIER = tedxiong.FoodForThought;
				PRODUCT_NAME = "$(TARGET_NAME)";
				SWIFT_EMIT_LOC_STRINGS = YES;
				SWIFT_VERSION = 5.0;
				TARGETED_DEVICE_FAMILY = "1,2";
			};
			name = Debug;
		};
		FB71E8602B5D996E004F2D21 /* Release */ = {
			isa = XCBuildConfiguration;
			buildSettings = {
				ASSETCATALOG_COMPILER_APPICON_NAME = AppIcon;
				ASSETCATALOG_COMPILER_GLOBAL_ACCENT_COLOR_NAME = AccentColor;
				CODE_SIGN_STYLE = Automatic;
				CURRENT_PROJECT_VERSION = 1;
				DEVELOPMENT_ASSET_PATHS = "\"FoodForThought/Preview Content\"";
				DEVELOPMENT_TEAM = A93P32RDMK;
				ENABLE_PREVIEWS = YES;
				GENERATE_INFOPLIST_FILE = YES;
				INFOPLIST_KEY_UIApplicationSceneManifest_Generation = YES;
				INFOPLIST_KEY_UIApplicationSupportsIndirectInputEvents = YES;
				INFOPLIST_KEY_UILaunchScreen_Generation = YES;
				INFOPLIST_KEY_UISupportedInterfaceOrientations_iPad = "UIInterfaceOrientationPortrait UIInterfaceOrientationPortraitUpsideDown UIInterfaceOrientationLandscapeLeft UIInterfaceOrientationLandscapeRight";
				INFOPLIST_KEY_UISupportedInterfaceOrientations_iPhone = "UIInterfaceOrientationPortrait UIInterfaceOrientationLandscapeLeft UIInterfaceOrientationLandscapeRight";
				LD_RUNPATH_SEARCH_PATHS = (
					"$(inherited)",
					"@executable_path/Frameworks",
				);
				MARKETING_VERSION = 1.0;
				PRODUCT_BUNDLE_IDENTIFIER = tedxiong.FoodForThought;
				PRODUCT_NAME = "$(TARGET_NAME)";
				SWIFT_EMIT_LOC_STRINGS = YES;
				SWIFT_VERSION = 5.0;
				TARGETED_DEVICE_FAMILY = "1,2";
			};
			name = Release;
		};
		FB71E8622B5D996E004F2D21 /* Debug */ = {
			isa = XCBuildConfiguration;
			buildSettings = {
				ALWAYS_EMBED_SWIFT_STANDARD_LIBRARIES = YES;
				BUNDLE_LOADER = "$(TEST_HOST)";
				CODE_SIGN_STYLE = Automatic;
				CURRENT_PROJECT_VERSION = 1;
				DEVELOPMENT_TEAM = A93P32RDMK;
				GENERATE_INFOPLIST_FILE = YES;
				IPHONEOS_DEPLOYMENT_TARGET = 17.2;
				MARKETING_VERSION = 1.0;
				PRODUCT_BUNDLE_IDENTIFIER = tedxiong.FoodForThoughtTests;
				PRODUCT_NAME = "$(TARGET_NAME)";
				SWIFT_EMIT_LOC_STRINGS = NO;
				SWIFT_VERSION = 5.0;
				TARGETED_DEVICE_FAMILY = "1,2";
				TEST_HOST = "$(BUILT_PRODUCTS_DIR)/FoodForThought.app/$(BUNDLE_EXECUTABLE_FOLDER_PATH)/FoodForThought";
			};
			name = Debug;
		};
		FB71E8632B5D996E004F2D21 /* Release */ = {
			isa = XCBuildConfiguration;
			buildSettings = {
				ALWAYS_EMBED_SWIFT_STANDARD_LIBRARIES = YES;
				BUNDLE_LOADER = "$(TEST_HOST)";
				CODE_SIGN_STYLE = Automatic;
				CURRENT_PROJECT_VERSION = 1;
				DEVELOPMENT_TEAM = A93P32RDMK;
				GENERATE_INFOPLIST_FILE = YES;
				IPHONEOS_DEPLOYMENT_TARGET = 17.2;
				MARKETING_VERSION = 1.0;
				PRODUCT_BUNDLE_IDENTIFIER = tedxiong.FoodForThoughtTests;
				PRODUCT_NAME = "$(TARGET_NAME)";
				SWIFT_EMIT_LOC_STRINGS = NO;
				SWIFT_VERSION = 5.0;
				TARGETED_DEVICE_FAMILY = "1,2";
				TEST_HOST = "$(BUILT_PRODUCTS_DIR)/FoodForThought.app/$(BUNDLE_EXECUTABLE_FOLDER_PATH)/FoodForThought";
			};
			name = Release;
		};
		FB71E8652B5D996E004F2D21 /* Debug */ = {
			isa = XCBuildConfiguration;
			buildSettings = {
				ALWAYS_EMBED_SWIFT_STANDARD_LIBRARIES = YES;
				CODE_SIGN_STYLE = Automatic;
				CURRENT_PROJECT_VERSION = 1;
				DEVELOPMENT_TEAM = A93P32RDMK;
				GENERATE_INFOPLIST_FILE = YES;
				MARKETING_VERSION = 1.0;
				PRODUCT_BUNDLE_IDENTIFIER = tedxiong.FoodForThoughtUITests;
				PRODUCT_NAME = "$(TARGET_NAME)";
				SWIFT_EMIT_LOC_STRINGS = NO;
				SWIFT_VERSION = 5.0;
				TARGETED_DEVICE_FAMILY = "1,2";
				TEST_TARGET_NAME = FoodForThought;
			};
			name = Debug;
		};
		FB71E8662B5D996E004F2D21 /* Release */ = {
			isa = XCBuildConfiguration;
			buildSettings = {
				ALWAYS_EMBED_SWIFT_STANDARD_LIBRARIES = YES;
				CODE_SIGN_STYLE = Automatic;
				CURRENT_PROJECT_VERSION = 1;
				DEVELOPMENT_TEAM = A93P32RDMK;
				GENERATE_INFOPLIST_FILE = YES;
				MARKETING_VERSION = 1.0;
				PRODUCT_BUNDLE_IDENTIFIER = tedxiong.FoodForThoughtUITests;
				PRODUCT_NAME = "$(TARGET_NAME)";
				SWIFT_EMIT_LOC_STRINGS = NO;
				SWIFT_VERSION = 5.0;
				TARGETED_DEVICE_FAMILY = "1,2";
				TEST_TARGET_NAME = FoodForThought;
			};
			name = Release;
		};
/* End XCBuildConfiguration section */

/* Begin XCConfigurationList section */
		FB71E8352B5D996C004F2D21 /* Build configuration list for PBXProject "FoodForThought" */ = {
			isa = XCConfigurationList;
			buildConfigurations = (
				FB71E85C2B5D996E004F2D21 /* Debug */,
				FB71E85D2B5D996E004F2D21 /* Release */,
			);
			defaultConfigurationIsVisible = 0;
			defaultConfigurationName = Release;
		};
		FB71E85E2B5D996E004F2D21 /* Build configuration list for PBXNativeTarget "FoodForThought" */ = {
			isa = XCConfigurationList;
			buildConfigurations = (
				FB71E85F2B5D996E004F2D21 /* Debug */,
				FB71E8602B5D996E004F2D21 /* Release */,
			);
			defaultConfigurationIsVisible = 0;
			defaultConfigurationName = Release;
		};
		FB71E8612B5D996E004F2D21 /* Build configuration list for PBXNativeTarget "FoodForThoughtTests" */ = {
			isa = XCConfigurationList;
			buildConfigurations = (
				FB71E8622B5D996E004F2D21 /* Debug */,
				FB71E8632B5D996E004F2D21 /* Release */,
			);
			defaultConfigurationIsVisible = 0;
			defaultConfigurationName = Release;
		};
		FB71E8642B5D996E004F2D21 /* Build configuration list for PBXNativeTarget "FoodForThoughtUITests" */ = {
			isa = XCConfigurationList;
			buildConfigurations = (
				FB71E8652B5D996E004F2D21 /* Debug */,
				FB71E8662B5D996E004F2D21 /* Release */,
			);
			defaultConfigurationIsVisible = 0;
			defaultConfigurationName = Release;
		};
/* End XCConfigurationList section */
	};
	rootObject = FB71E8322B5D996C004F2D21 /* Project object */;
}
